// !$*UTF8*$!
{
	archiveVersion = 1;
	classes = {
	};
	objectVersion = 56;
	objects = {

/* Begin PBXBuildFile section */
		BF0BE2942C6A80F500F96288 /* SurveyView.swift in Sources */ = {isa = PBXBuildFile; fileRef = BF0BE2932C6A80F500F96288 /* SurveyView.swift */; };
		BF14A3EC2C6A81AC00AF7692 /* HomeView.swift in Sources */ = {isa = PBXBuildFile; fileRef = BF14A3EB2C6A81AC00AF7692 /* HomeView.swift */; };
		BF4451B92C6BBC3D007E25F8 /* DogInfoListView.swift in Sources */ = {isa = PBXBuildFile; fileRef = BF4451B82C6BBC3D007E25F8 /* DogInfoListView.swift */; };
		BF4451BB2C6BD14E007E25F8 /* DogInfoRow.swift in Sources */ = {isa = PBXBuildFile; fileRef = BF4451BA2C6BD14E007E25F8 /* DogInfoRow.swift */; };
		BF7EDBBE2C6A8108003C0A15 /* SplashLaunch.storyboard in Resources */ = {isa = PBXBuildFile; fileRef = BF7EDBBD2C6A8108003C0A15 /* SplashLaunch.storyboard */; };
		BF8440BD2C6D0D4700D3ADD7 /* DogMessagesManager.swift in Sources */ = {isa = PBXBuildFile; fileRef = BF8440BC2C6D0D4700D3ADD7 /* DogMessagesManager.swift */; };
		BF8440BF2C6D0DD400D3ADD7 /* DogMessages.json in Resources */ = {isa = PBXBuildFile; fileRef = BF8440BE2C6D0DD400D3ADD7 /* DogMessages.json */; };
		BFE7ED2C2C6BD50B0013C661 /* DogList.json in Resources */ = {isa = PBXBuildFile; fileRef = BFE7ED2B2C6BD50B0013C661 /* DogList.json */; };
		BFE7ED2E2C6BD5330013C661 /* DataManager.swift in Sources */ = {isa = PBXBuildFile; fileRef = BFE7ED2D2C6BD5330013C661 /* DataManager.swift */; };
		E846BBED2C6C020100A0A199 /* PostBoardListView.swift in Sources */ = {isa = PBXBuildFile; fileRef = E846BBEC2C6C020100A0A199 /* PostBoardListView.swift */; };
		E846BBF12C6C02CB00A0A199 /* PostRow.swift in Sources */ = {isa = PBXBuildFile; fileRef = E846BBF02C6C02CB00A0A199 /* PostRow.swift */; };
		E846BBF32C6C03E000A0A199 /* DogInfoDetailView.swift in Sources */ = {isa = PBXBuildFile; fileRef = E846BBF22C6C03E000A0A199 /* DogInfoDetailView.swift */; };
		E846BBF52C6C03FB00A0A199 /* PostDetailView.swift in Sources */ = {isa = PBXBuildFile; fileRef = E846BBF42C6C03FB00A0A199 /* PostDetailView.swift */; };
		E86627362C6A5B3800E84A4C /* PackApp.swift in Sources */ = {isa = PBXBuildFile; fileRef = E86627352C6A5B3800E84A4C /* PackApp.swift */; };
		E88297D72C6C314200A29FF9 /* SettingsAndProfileView.swift in Sources */ = {isa = PBXBuildFile; fileRef = E88297D62C6C314200A29FF9 /* SettingsAndProfileView.swift */; };
		E88C99BD2C5EA69200C22347 /* ContentView.swift in Sources */ = {isa = PBXBuildFile; fileRef = E88C99BC2C5EA69200C22347 /* ContentView.swift */; };
		E88C99BF2C5EA69400C22347 /* Assets.xcassets in Resources */ = {isa = PBXBuildFile; fileRef = E88C99BE2C5EA69400C22347 /* Assets.xcassets */; };
		E88C99C22C5EA69400C22347 /* Preview Assets.xcassets in Resources */ = {isa = PBXBuildFile; fileRef = E88C99C12C5EA69400C22347 /* Preview Assets.xcassets */; };
		E88C99C92C5EA6E000C22347 /* README.md in Resources */ = {isa = PBXBuildFile; fileRef = E88C99C82C5EA6E000C22347 /* README.md */; };
		E89020452C62A9C800895CC5 /* .gitignore in Resources */ = {isa = PBXBuildFile; fileRef = E89020442C62A9C800895CC5 /* .gitignore */; };
/* End PBXBuildFile section */

/* Begin PBXFileReference section */
		BF0BE2932C6A80F500F96288 /* SurveyView.swift */ = {isa = PBXFileReference; lastKnownFileType = sourcecode.swift; path = SurveyView.swift; sourceTree = "<group>"; };
		BF14A3EB2C6A81AC00AF7692 /* HomeView.swift */ = {isa = PBXFileReference; lastKnownFileType = sourcecode.swift; path = HomeView.swift; sourceTree = "<group>"; };
		BF4451B82C6BBC3D007E25F8 /* DogInfoListView.swift */ = {isa = PBXFileReference; lastKnownFileType = sourcecode.swift; path = DogInfoListView.swift; sourceTree = "<group>"; };
		BF4451BA2C6BD14E007E25F8 /* DogInfoRow.swift */ = {isa = PBXFileReference; lastKnownFileType = sourcecode.swift; path = DogInfoRow.swift; sourceTree = "<group>"; };
		BF7EDBBD2C6A8108003C0A15 /* SplashLaunch.storyboard */ = {isa = PBXFileReference; lastKnownFileType = file.storyboard; path = SplashLaunch.storyboard; sourceTree = "<group>"; };
		BF8440BC2C6D0D4700D3ADD7 /* DogMessagesManager.swift */ = {isa = PBXFileReference; lastKnownFileType = sourcecode.swift; path = DogMessagesManager.swift; sourceTree = "<group>"; };
		BF8440BE2C6D0DD400D3ADD7 /* DogMessages.json */ = {isa = PBXFileReference; lastKnownFileType = text.json; path = DogMessages.json; sourceTree = "<group>"; };
		BFE7ED2B2C6BD50B0013C661 /* DogList.json */ = {isa = PBXFileReference; lastKnownFileType = text.json; path = DogList.json; sourceTree = "<group>"; };
		BFE7ED2D2C6BD5330013C661 /* DataManager.swift */ = {isa = PBXFileReference; lastKnownFileType = sourcecode.swift; path = DataManager.swift; sourceTree = "<group>"; };
		E846BBEC2C6C020100A0A199 /* PostBoardListView.swift */ = {isa = PBXFileReference; lastKnownFileType = sourcecode.swift; path = PostBoardListView.swift; sourceTree = "<group>"; };
		E846BBF02C6C02CB00A0A199 /* PostRow.swift */ = {isa = PBXFileReference; lastKnownFileType = sourcecode.swift; path = PostRow.swift; sourceTree = "<group>"; };
		E846BBF22C6C03E000A0A199 /* DogInfoDetailView.swift */ = {isa = PBXFileReference; lastKnownFileType = sourcecode.swift; path = DogInfoDetailView.swift; sourceTree = "<group>"; };
		E846BBF42C6C03FB00A0A199 /* PostDetailView.swift */ = {isa = PBXFileReference; lastKnownFileType = sourcecode.swift; path = PostDetailView.swift; sourceTree = "<group>"; };
		E86627352C6A5B3800E84A4C /* PackApp.swift */ = {isa = PBXFileReference; lastKnownFileType = sourcecode.swift; path = PackApp.swift; sourceTree = "<group>"; };
		E88297D62C6C314200A29FF9 /* SettingsAndProfileView.swift */ = {isa = PBXFileReference; lastKnownFileType = sourcecode.swift; path = SettingsAndProfileView.swift; sourceTree = "<group>"; };
		E88C99B72C5EA69200C22347 /* ThePackApp.app */ = {isa = PBXFileReference; explicitFileType = wrapper.application; includeInIndex = 0; path = ThePackApp.app; sourceTree = BUILT_PRODUCTS_DIR; };
		E88C99BC2C5EA69200C22347 /* ContentView.swift */ = {isa = PBXFileReference; lastKnownFileType = sourcecode.swift; path = ContentView.swift; sourceTree = "<group>"; };
		E88C99BE2C5EA69400C22347 /* Assets.xcassets */ = {isa = PBXFileReference; lastKnownFileType = folder.assetcatalog; path = Assets.xcassets; sourceTree = "<group>"; };
		E88C99C12C5EA69400C22347 /* Preview Assets.xcassets */ = {isa = PBXFileReference; lastKnownFileType = folder.assetcatalog; path = "Preview Assets.xcassets"; sourceTree = "<group>"; };
		E88C99C82C5EA6E000C22347 /* README.md */ = {isa = PBXFileReference; lastKnownFileType = net.daringfireball.markdown; path = README.md; sourceTree = "<group>"; };
		E89020442C62A9C800895CC5 /* .gitignore */ = {isa = PBXFileReference; lastKnownFileType = text; path = .gitignore; sourceTree = "<group>"; };
/* End PBXFileReference section */

/* Begin PBXFrameworksBuildPhase section */
		E88C99B42C5EA69200C22347 /* Frameworks */ = {
			isa = PBXFrameworksBuildPhase;
			buildActionMask = 2147483647;
			files = (
			);
			runOnlyForDeploymentPostprocessing = 0;
		};
/* End PBXFrameworksBuildPhase section */

/* Begin PBXGroup section */
		E846BBE82C6C005700A0A199 /* Data */ = {
			isa = PBXGroup;
			children = (
				BFE7ED2D2C6BD5330013C661 /* DataManager.swift */,
				BF8440BC2C6D0D4700D3ADD7 /* DogMessagesManager.swift */,
				BF8440BE2C6D0DD400D3ADD7 /* DogMessages.json */,
				BFE7ED2B2C6BD50B0013C661 /* DogList.json */,
			);
			path = Data;
			sourceTree = "<group>";
		};
		E846BBE92C6C007900A0A199 /* DogInfoFeature */ = {
			isa = PBXGroup;
			children = (
				BF4451B82C6BBC3D007E25F8 /* DogInfoListView.swift */,
				BF4451BA2C6BD14E007E25F8 /* DogInfoRow.swift */,
				E846BBF22C6C03E000A0A199 /* DogInfoDetailView.swift */,
			);
			path = DogInfoFeature;
			sourceTree = "<group>";
		};
		E846BBEA2C6C00E600A0A199 /* General */ = {
			isa = PBXGroup;
			children = (
				BF7EDBBD2C6A8108003C0A15 /* SplashLaunch.storyboard */,
				BF0BE2932C6A80F500F96288 /* SurveyView.swift */,
				BF14A3EB2C6A81AC00AF7692 /* HomeView.swift */,
				E88297D62C6C314200A29FF9 /* SettingsAndProfileView.swift */,
			);
			path = General;
			sourceTree = "<group>";
		};
		E846BBEB2C6C015F00A0A199 /* PostBoardFeature */ = {
			isa = PBXGroup;
			children = (
				E846BBEC2C6C020100A0A199 /* PostBoardListView.swift */,
				E846BBF02C6C02CB00A0A199 /* PostRow.swift */,
				E846BBF42C6C03FB00A0A199 /* PostDetailView.swift */,
				BFE7ED2D2C6BD5330013C661 /* DataManager.swift */,
			);
			path = PostBoardFeature;
			sourceTree = "<group>";
		};
		E88C99AE2C5EA69200C22347 = {
			isa = PBXGroup;
			children = (
				E89020442C62A9C800895CC5 /* .gitignore */,
				E88C99C82C5EA6E000C22347 /* README.md */,
				E88C99B92C5EA69200C22347 /* ThePackApp */,
				E88C99B82C5EA69200C22347 /* Products */,
			);
			sourceTree = "<group>";
		};
		E88C99B82C5EA69200C22347 /* Products */ = {
			isa = PBXGroup;
			children = (
				E88C99B72C5EA69200C22347 /* ThePackApp.app */,
			);
			name = Products;
			sourceTree = "<group>";
		};
		E88C99B92C5EA69200C22347 /* ThePackApp */ = {
			isa = PBXGroup;
			children = (
				E86627352C6A5B3800E84A4C /* PackApp.swift */,
				E88C99BC2C5EA69200C22347 /* ContentView.swift */,
				E88C99BE2C5EA69400C22347 /* Assets.xcassets */,
				E846BBEA2C6C00E600A0A199 /* General */,
				E846BBE92C6C007900A0A199 /* DogInfoFeature */,
				E846BBEB2C6C015F00A0A199 /* PostBoardFeature */,
				E846BBE82C6C005700A0A199 /* Data */,
				E88C99C02C5EA69400C22347 /* Preview Content */,
			);
			path = ThePackApp;
			sourceTree = "<group>";
		};
		E88C99C02C5EA69400C22347 /* Preview Content */ = {
			isa = PBXGroup;
			children = (
				E88C99C12C5EA69400C22347 /* Preview Assets.xcassets */,
			);
			path = "Preview Content";
			sourceTree = "<group>";
		};
/* End PBXGroup section */

/* Begin PBXNativeTarget section */
		E88C99B62C5EA69200C22347 /* ThePackApp */ = {
			isa = PBXNativeTarget;
			buildConfigurationList = E88C99C52C5EA69400C22347 /* Build configuration list for PBXNativeTarget "ThePackApp" */;
			buildPhases = (
				E88C99B32C5EA69200C22347 /* Sources */,
				E88C99B42C5EA69200C22347 /* Frameworks */,
				E88C99B52C5EA69200C22347 /* Resources */,
			);
			buildRules = (
			);
			dependencies = (
			);
			name = ThePackApp;
			productName = ThePackApp;
			productReference = E88C99B72C5EA69200C22347 /* ThePackApp.app */;
			productType = "com.apple.product-type.application";
		};
/* End PBXNativeTarget section */

/* Begin PBXProject section */
		E88C99AF2C5EA69200C22347 /* Project object */ = {
			isa = PBXProject;
			attributes = {
				BuildIndependentTargetsInParallel = 1;
				LastSwiftUpdateCheck = 1540;
				LastUpgradeCheck = 1540;
				TargetAttributes = {
					E88C99B62C5EA69200C22347 = {
						CreatedOnToolsVersion = 15.4;
					};
				};
			};
			buildConfigurationList = E88C99B22C5EA69200C22347 /* Build configuration list for PBXProject "ThePackApp" */;
			compatibilityVersion = "Xcode 14.0";
			developmentRegion = en;
			hasScannedForEncodings = 0;
			knownRegions = (
				en,
				Base,
			);
			mainGroup = E88C99AE2C5EA69200C22347;
			productRefGroup = E88C99B82C5EA69200C22347 /* Products */;
			projectDirPath = "";
			projectRoot = "";
			targets = (
				E88C99B62C5EA69200C22347 /* ThePackApp */,
			);
		};
/* End PBXProject section */

/* Begin PBXResourcesBuildPhase section */
		E88C99B52C5EA69200C22347 /* Resources */ = {
			isa = PBXResourcesBuildPhase;
			buildActionMask = 2147483647;
			files = (
				BF8440BF2C6D0DD400D3ADD7 /* DogMessages.json in Resources */,
				BFE7ED2C2C6BD50B0013C661 /* DogList.json in Resources */,
				E89020452C62A9C800895CC5 /* .gitignore in Resources */,
				BF7EDBBE2C6A8108003C0A15 /* SplashLaunch.storyboard in Resources */,
				E88C99C92C5EA6E000C22347 /* README.md in Resources */,
				E88C99C22C5EA69400C22347 /* Preview Assets.xcassets in Resources */,
				E88C99BF2C5EA69400C22347 /* Assets.xcassets in Resources */,
			);
			runOnlyForDeploymentPostprocessing = 0;
		};
/* End PBXResourcesBuildPhase section */

/* Begin PBXSourcesBuildPhase section */
		E88C99B32C5EA69200C22347 /* Sources */ = {
			isa = PBXSourcesBuildPhase;
			buildActionMask = 2147483647;
			files = (
				E846BBF52C6C03FB00A0A199 /* PostDetailView.swift in Sources */,
				BF8440BD2C6D0D4700D3ADD7 /* DogMessagesManager.swift in Sources */,
				E846BBF32C6C03E000A0A199 /* DogInfoDetailView.swift in Sources */,
				E88C99BD2C5EA69200C22347 /* ContentView.swift in Sources */,
				E846BBED2C6C020100A0A199 /* PostBoardListView.swift in Sources */,
				BFE7ED2E2C6BD5330013C661 /* DataManager.swift in Sources */,
				BF4451BB2C6BD14E007E25F8 /* DogInfoRow.swift in Sources */,
				BF14A3EC2C6A81AC00AF7692 /* HomeView.swift in Sources */,
				E86627362C6A5B3800E84A4C /* PackApp.swift in Sources */,
				BF0BE2942C6A80F500F96288 /* SurveyView.swift in Sources */,
				E846BBF12C6C02CB00A0A199 /* PostRow.swift in Sources */,
				BF4451B92C6BBC3D007E25F8 /* DogInfoListView.swift in Sources */,
				E88297D72C6C314200A29FF9 /* SettingsAndProfileView.swift in Sources */,
			);
			runOnlyForDeploymentPostprocessing = 0;
		};
/* End PBXSourcesBuildPhase section */

/* Begin XCBuildConfiguration section */
		E88C99C32C5EA69400C22347 /* Debug */ = {
			isa = XCBuildConfiguration;
			buildSettings = {
				ALWAYS_SEARCH_USER_PATHS = NO;
				ASSETCATALOG_COMPILER_GENERATE_SWIFT_ASSET_SYMBOL_EXTENSIONS = YES;
				CLANG_ANALYZER_NONNULL = YES;
				CLANG_ANALYZER_NUMBER_OBJECT_CONVERSION = YES_AGGRESSIVE;
				CLANG_CXX_LANGUAGE_STANDARD = "gnu++20";
				CLANG_ENABLE_MODULES = YES;
				CLANG_ENABLE_OBJC_ARC = YES;
				CLANG_ENABLE_OBJC_WEAK = YES;
				CLANG_WARN_BLOCK_CAPTURE_AUTORELEASING = YES;
				CLANG_WARN_BOOL_CONVERSION = YES;
				CLANG_WARN_COMMA = YES;
				CLANG_WARN_CONSTANT_CONVERSION = YES;
				CLANG_WARN_DEPRECATED_OBJC_IMPLEMENTATIONS = YES;
				CLANG_WARN_DIRECT_OBJC_ISA_USAGE = YES_ERROR;
				CLANG_WARN_DOCUMENTATION_COMMENTS = YES;
				CLANG_WARN_EMPTY_BODY = YES;
				CLANG_WARN_ENUM_CONVERSION = YES;
				CLANG_WARN_INFINITE_RECURSION = YES;
				CLANG_WARN_INT_CONVERSION = YES;
				CLANG_WARN_NON_LITERAL_NULL_CONVERSION = YES;
				CLANG_WARN_OBJC_IMPLICIT_RETAIN_SELF = YES;
				CLANG_WARN_OBJC_LITERAL_CONVERSION = YES;
				CLANG_WARN_OBJC_ROOT_CLASS = YES_ERROR;
				CLANG_WARN_QUOTED_INCLUDE_IN_FRAMEWORK_HEADER = YES;
				CLANG_WARN_RANGE_LOOP_ANALYSIS = YES;
				CLANG_WARN_STRICT_PROTOTYPES = YES;
				CLANG_WARN_SUSPICIOUS_MOVE = YES;
				CLANG_WARN_UNGUARDED_AVAILABILITY = YES_AGGRESSIVE;
				CLANG_WARN_UNREACHABLE_CODE = YES;
				CLANG_WARN__DUPLICATE_METHOD_MATCH = YES;
				COPY_PHASE_STRIP = NO;
				DEBUG_INFORMATION_FORMAT = dwarf;
				ENABLE_STRICT_OBJC_MSGSEND = YES;
				ENABLE_TESTABILITY = YES;
				ENABLE_USER_SCRIPT_SANDBOXING = YES;
				GCC_C_LANGUAGE_STANDARD = gnu17;
				GCC_DYNAMIC_NO_PIC = NO;
				GCC_NO_COMMON_BLOCKS = YES;
				GCC_OPTIMIZATION_LEVEL = 0;
				GCC_PREPROCESSOR_DEFINITIONS = (
					"DEBUG=1",
					"$(inherited)",
				);
				GCC_WARN_64_TO_32_BIT_CONVERSION = YES;
				GCC_WARN_ABOUT_RETURN_TYPE = YES_ERROR;
				GCC_WARN_UNDECLARED_SELECTOR = YES;
				GCC_WARN_UNINITIALIZED_AUTOS = YES_AGGRESSIVE;
				GCC_WARN_UNUSED_FUNCTION = YES;
				GCC_WARN_UNUSED_VARIABLE = YES;
				IPHONEOS_DEPLOYMENT_TARGET = 17.5;
				LOCALIZATION_PREFERS_STRING_CATALOGS = YES;
				MTL_ENABLE_DEBUG_INFO = INCLUDE_SOURCE;
				MTL_FAST_MATH = YES;
				ONLY_ACTIVE_ARCH = YES;
				SDKROOT = iphoneos;
				SWIFT_ACTIVE_COMPILATION_CONDITIONS = "DEBUG $(inherited)";
				SWIFT_OPTIMIZATION_LEVEL = "-Onone";
			};
			name = Debug;
		};
		E88C99C42C5EA69400C22347 /* Release */ = {
			isa = XCBuildConfiguration;
			buildSettings = {
				ALWAYS_SEARCH_USER_PATHS = NO;
				ASSETCATALOG_COMPILER_GENERATE_SWIFT_ASSET_SYMBOL_EXTENSIONS = YES;
				CLANG_ANALYZER_NONNULL = YES;
				CLANG_ANALYZER_NUMBER_OBJECT_CONVERSION = YES_AGGRESSIVE;
				CLANG_CXX_LANGUAGE_STANDARD = "gnu++20";
				CLANG_ENABLE_MODULES = YES;
				CLANG_ENABLE_OBJC_ARC = YES;
				CLANG_ENABLE_OBJC_WEAK = YES;
				CLANG_WARN_BLOCK_CAPTURE_AUTORELEASING = YES;
				CLANG_WARN_BOOL_CONVERSION = YES;
				CLANG_WARN_COMMA = YES;
				CLANG_WARN_CONSTANT_CONVERSION = YES;
				CLANG_WARN_DEPRECATED_OBJC_IMPLEMENTATIONS = YES;
				CLANG_WARN_DIRECT_OBJC_ISA_USAGE = YES_ERROR;
				CLANG_WARN_DOCUMENTATION_COMMENTS = YES;
				CLANG_WARN_EMPTY_BODY = YES;
				CLANG_WARN_ENUM_CONVERSION = YES;
				CLANG_WARN_INFINITE_RECURSION = YES;
				CLANG_WARN_INT_CONVERSION = YES;
				CLANG_WARN_NON_LITERAL_NULL_CONVERSION = YES;
				CLANG_WARN_OBJC_IMPLICIT_RETAIN_SELF = YES;
				CLANG_WARN_OBJC_LITERAL_CONVERSION = YES;
				CLANG_WARN_OBJC_ROOT_CLASS = YES_ERROR;
				CLANG_WARN_QUOTED_INCLUDE_IN_FRAMEWORK_HEADER = YES;
				CLANG_WARN_RANGE_LOOP_ANALYSIS = YES;
				CLANG_WARN_STRICT_PROTOTYPES = YES;
				CLANG_WARN_SUSPICIOUS_MOVE = YES;
				CLANG_WARN_UNGUARDED_AVAILABILITY = YES_AGGRESSIVE;
				CLANG_WARN_UNREACHABLE_CODE = YES;
				CLANG_WARN__DUPLICATE_METHOD_MATCH = YES;
				COPY_PHASE_STRIP = NO;
				DEBUG_INFORMATION_FORMAT = "dwarf-with-dsym";
				ENABLE_NS_ASSERTIONS = NO;
				ENABLE_STRICT_OBJC_MSGSEND = YES;
				ENABLE_USER_SCRIPT_SANDBOXING = YES;
				GCC_C_LANGUAGE_STANDARD = gnu17;
				GCC_NO_COMMON_BLOCKS = YES;
				GCC_WARN_64_TO_32_BIT_CONVERSION = YES;
				GCC_WARN_ABOUT_RETURN_TYPE = YES_ERROR;
				GCC_WARN_UNDECLARED_SELECTOR = YES;
				GCC_WARN_UNINITIALIZED_AUTOS = YES_AGGRESSIVE;
				GCC_WARN_UNUSED_FUNCTION = YES;
				GCC_WARN_UNUSED_VARIABLE = YES;
				IPHONEOS_DEPLOYMENT_TARGET = 17.5;
				LOCALIZATION_PREFERS_STRING_CATALOGS = YES;
				MTL_ENABLE_DEBUG_INFO = NO;
				MTL_FAST_MATH = YES;
				SDKROOT = iphoneos;
				SWIFT_COMPILATION_MODE = wholemodule;
				VALIDATE_PRODUCT = YES;
			};
			name = Release;
		};
		E88C99C62C5EA69400C22347 /* Debug */ = {
			isa = XCBuildConfiguration;
			buildSettings = {
				ASSETCATALOG_COMPILER_APPICON_NAME = AppIcon;
				ASSETCATALOG_COMPILER_GLOBAL_ACCENT_COLOR_NAME = AccentColor;
				CODE_SIGN_STYLE = Automatic;
				CURRENT_PROJECT_VERSION = 1;
				DEVELOPMENT_ASSET_PATHS = "\"ThePackApp/Preview Content\"";
				ENABLE_PREVIEWS = YES;
				GENERATE_INFOPLIST_FILE = YES;
				INFOPLIST_KEY_UIApplicationSceneManifest_Generation = YES;
				INFOPLIST_KEY_UIApplicationSupportsIndirectInputEvents = YES;
				INFOPLIST_KEY_UILaunchScreen_Generation = YES;
				INFOPLIST_KEY_UILaunchStoryboardName = SplashLaunch.storyboard;
				INFOPLIST_KEY_UISupportedInterfaceOrientations_iPad = "UIInterfaceOrientationPortrait UIInterfaceOrientationPortraitUpsideDown UIInterfaceOrientationLandscapeLeft UIInterfaceOrientationLandscapeRight";
				INFOPLIST_KEY_UISupportedInterfaceOrientations_iPhone = "UIInterfaceOrientationPortrait UIInterfaceOrientationLandscapeLeft UIInterfaceOrientationLandscapeRight";
				LD_RUNPATH_SEARCH_PATHS = (
					"$(inherited)",
					"@executable_path/Frameworks",
				);
				MARKETING_VERSION = 1.0;
				PRODUCT_BUNDLE_IDENTIFIER = Gcode3.ThePackApp;
				PRODUCT_NAME = "$(TARGET_NAME)";
				SWIFT_EMIT_LOC_STRINGS = YES;
				SWIFT_VERSION = 5.0;
				TARGETED_DEVICE_FAMILY = "1,2";
			};
			name = Debug;
		};
		E88C99C72C5EA69400C22347 /* Release */ = {
			isa = XCBuildConfiguration;
			buildSettings = {
				ASSETCATALOG_COMPILER_APPICON_NAME = AppIcon;
				ASSETCATALOG_COMPILER_GLOBAL_ACCENT_COLOR_NAME = AccentColor;
				CODE_SIGN_STYLE = Automatic;
				CURRENT_PROJECT_VERSION = 1;
				DEVELOPMENT_ASSET_PATHS = "\"ThePackApp/Preview Content\"";
				ENABLE_PREVIEWS = YES;
				GENERATE_INFOPLIST_FILE = YES;
				INFOPLIST_KEY_UIApplicationSceneManifest_Generation = YES;
				INFOPLIST_KEY_UIApplicationSupportsIndirectInputEvents = YES;
				INFOPLIST_KEY_UILaunchScreen_Generation = YES;
				INFOPLIST_KEY_UILaunchStoryboardName = SplashLaunch.storyboard;
				INFOPLIST_KEY_UISupportedInterfaceOrientations_iPad = "UIInterfaceOrientationPortrait UIInterfaceOrientationPortraitUpsideDown UIInterfaceOrientationLandscapeLeft UIInterfaceOrientationLandscapeRight";
				INFOPLIST_KEY_UISupportedInterfaceOrientations_iPhone = "UIInterfaceOrientationPortrait UIInterfaceOrientationLandscapeLeft UIInterfaceOrientationLandscapeRight";
				LD_RUNPATH_SEARCH_PATHS = (
					"$(inherited)",
					"@executable_path/Frameworks",
				);
				MARKETING_VERSION = 1.0;
				PRODUCT_BUNDLE_IDENTIFIER = Gcode3.ThePackApp;
				PRODUCT_NAME = "$(TARGET_NAME)";
				SWIFT_EMIT_LOC_STRINGS = YES;
				SWIFT_VERSION = 5.0;
				TARGETED_DEVICE_FAMILY = "1,2";
			};
			name = Release;
		};
/* End XCBuildConfiguration section */

/* Begin XCConfigurationList section */
		E88C99B22C5EA69200C22347 /* Build configuration list for PBXProject "ThePackApp" */ = {
			isa = XCConfigurationList;
			buildConfigurations = (
				E88C99C32C5EA69400C22347 /* Debug */,
				E88C99C42C5EA69400C22347 /* Release */,
			);
			defaultConfigurationIsVisible = 0;
			defaultConfigurationName = Release;
		};
		E88C99C52C5EA69400C22347 /* Build configuration list for PBXNativeTarget "ThePackApp" */ = {
			isa = XCConfigurationList;
			buildConfigurations = (
				E88C99C62C5EA69400C22347 /* Debug */,
				E88C99C72C5EA69400C22347 /* Release */,
			);
			defaultConfigurationIsVisible = 0;
			defaultConfigurationName = Release;
		};
/* End XCConfigurationList section */
	};
	rootObject = E88C99AF2C5EA69200C22347 /* Project object */;
}
